{
  "name": "test",
  "lockfileVersion": 3,
  "requires": true,
  "packages": {
    "": {
      "name": "test",
      "dependencies": {
        "@aila/bridge-lib": "file:/bridge/lib"
      }
    },
    "../../bridge": {
      "dev": true,
      "optional": true,
      "peer": true
    },
    "../../bridge/lib": {
      "name": "@aila/bridge-lib"
    },
    "node_modules/@aila/bridge-lib": {
      "resolved": "../../bridge/lib",
      "link": true
    }
  }
}
